
Microsoft Visual Studio Solution File, Format Version 12.00
# Visual Studio Version 16
VisualStudioVersion = 16.0.32228.343
MinimumVisualStudioVersion = 10.0.40219.1
Project("{FAE04EC0-301F-11D3-BF4B-00C04F79EFBC}") = "P129Delegate", "P129Delegate.csproj", "{94B12C32-EDB8-4F89-9FA3-DCA0E0ADCD60}"
EndProject
Global
	GlobalSection(SolutionConfigurationPlatforms) = preSolution
		Debug|Any CPU = Debug|Any CPU
		Release|Any CPU = Release|Any CPU
	EndGlobalSection
	GlobalSection(ProjectConfigurationPlatforms) = postSolution
		{94B12C32-EDB8-4F89-9FA3-DCA0E0ADCD60}.Debug|Any CPU.ActiveCfg = Debug|Any CPU
		{94B12C32-EDB8-4F89-9FA3-DCA0E0ADCD60}.Debug|Any CPU.Build.0 = Debug|Any CPU
		{94B12C32-EDB8-4F89-9FA3-DCA0E0ADCD60}.Release|Any CPU.ActiveCfg = Release|Any CPU
		{94B12C32-EDB8-4F89-9FA3-DCA0E0ADCD60}.Release|Any CPU.Build.0 = Release|Any CPU
	EndGlobalSection
	GlobalSection(SolutionProperties) = preSolution
		HideSolutionNode = FALSE
	EndGlobalSection
	GlobalSection(ExtensibilityGlobals) = postSolution
		SolutionGuid = {9383AF3C-8F40-450E-917C-345F034BF545}
	EndGlobalSection
EndGlobal
