
Microsoft Visual Studio Solution File, Format Version 12.00
# Visual Studio Version 16
VisualStudioVersion = 16.0.32228.343
MinimumVisualStudioVersion = 10.0.40219.1
Project("{FAE04EC0-301F-11D3-BF4B-00C04F79EFBC}") = "P129BuiltInTypeDelegates", "P129BuiltInTypeDelegates.csproj", "{B214DBFB-C893-42F5-8752-BDBA5D5DB28A}"
EndProject
Global
	GlobalSection(SolutionConfigurationPlatforms) = preSolution
		Debug|Any CPU = Debug|Any CPU
		Release|Any CPU = Release|Any CPU
	EndGlobalSection
	GlobalSection(ProjectConfigurationPlatforms) = postSolution
		{B214DBFB-C893-42F5-8752-BDBA5D5DB28A}.Debug|Any CPU.ActiveCfg = Debug|Any CPU
		{B214DBFB-C893-42F5-8752-BDBA5D5DB28A}.Debug|Any CPU.Build.0 = Debug|Any CPU
		{B214DBFB-C893-42F5-8752-BDBA5D5DB28A}.Release|Any CPU.ActiveCfg = Release|Any CPU
		{B214DBFB-C893-42F5-8752-BDBA5D5DB28A}.Release|Any CPU.Build.0 = Release|Any CPU
	EndGlobalSection
	GlobalSection(SolutionProperties) = preSolution
		HideSolutionNode = FALSE
	EndGlobalSection
	GlobalSection(ExtensibilityGlobals) = postSolution
		SolutionGuid = {776AEB6B-58F8-40F5-A24A-36466E877FF6}
	EndGlobalSection
EndGlobal
